
Microsoft Visual Studio Solution File, Format Version 12.00
# Visual Studio 2012
Project("{FAE04EC0-301F-11D3-BF4B-00C04F79EFBC}") = "01.Matrix_of_Palindromes", "01.Matrix_of_Palindromes\01.Matrix_of_Palindromes.csproj", "{39BBA4D2-4DCD-48E8-AC01-75BF60D7E07F}"
EndProject
Project("{FAE04EC0-301F-11D3-BF4B-00C04F79EFBC}") = "02.Diagonal_Difference", "02.Diagonal_Difference\02.Diagonal_Difference.csproj", "{BACD12CA-C093-440C-8D1F-6BA7592F8130}"
EndProject
Project("{FAE04EC0-301F-11D3-BF4B-00C04F79EFBC}") = "03.2x2_Squares_in_Matrix", "03.2x2_Squares_in_Matrix\03.2x2_Squares_in_Matrix.csproj", "{DF94E838-A853-448F-AC2E-2A842732C5A6}"
EndProject
Project("{FAE04EC0-301F-11D3-BF4B-00C04F79EFBC}") = "04.Maximal_Sum", "04.Maximal_Sum\04.Maximal_Sum.csproj", "{A497F454-480C-4FC3-B54B-E2A5729196CE}"
EndProject
Project("{FAE04EC0-301F-11D3-BF4B-00C04F79EFBC}") = "05.Rubiks_Matrix", "05.Rubiks_Matrix\05.Rubiks_Matrix.csproj", "{D78534F2-5649-4B50-9F65-97DFDE625DC0}"
EndProject
Project("{FAE04EC0-301F-11D3-BF4B-00C04F79EFBC}") = "06.Target_Practice", "06.Target_Practice\06.Target_Practice.csproj", "{C04671AE-359F-4589-87E9-25F5564BABDE}"
EndProject
Project("{FAE04EC0-301F-11D3-BF4B-00C04F79EFBC}") = "07.Lego_Blocks", "07.Lego_Blocks\07.Lego_Blocks.csproj", "{345D5950-0186-41B5-B67D-4E706EC4AE59}"
EndProject
Project("{FAE04EC0-301F-11D3-BF4B-00C04F79EFBC}") = "08.Radioactive_Mutant_Vampire_Bunnies", "08.Radioactive_Mutant_Vampire_Bunnies\08.Radioactive_Mutant_Vampire_Bunnies.csproj", "{4FB6E984-2172-47F7-95E9-5C442407EB96}"
EndProject
Project("{FAE04EC0-301F-11D3-BF4B-00C04F79EFBC}") = "09.Crossfire", "09.Crossfire\09.Crossfire.csproj", "{5EBC0939-7158-4E94-ABEC-A17FEB71E682}"
EndProject
Project("{FAE04EC0-301F-11D3-BF4B-00C04F79EFBC}") = "10.The_Heigan_Dance", "10.The_Heigan_Dance\10.The_Heigan_Dance.csproj", "{A5C455B0-A92B-4729-8CBF-758573FBBBDA}"
EndProject
Global
	GlobalSection(SolutionConfigurationPlatforms) = preSolution
		Debug|x86 = Debug|x86
		Release|x86 = Release|x86
	EndGlobalSection
	GlobalSection(ProjectConfigurationPlatforms) = postSolution
		{39BBA4D2-4DCD-48E8-AC01-75BF60D7E07F}.Debug|x86.ActiveCfg = Debug|x86
		{39BBA4D2-4DCD-48E8-AC01-75BF60D7E07F}.Debug|x86.Build.0 = Debug|x86
		{39BBA4D2-4DCD-48E8-AC01-75BF60D7E07F}.Release|x86.ActiveCfg = Release|x86
		{39BBA4D2-4DCD-48E8-AC01-75BF60D7E07F}.Release|x86.Build.0 = Release|x86
		{BACD12CA-C093-440C-8D1F-6BA7592F8130}.Debug|x86.ActiveCfg = Debug|x86
		{BACD12CA-C093-440C-8D1F-6BA7592F8130}.Debug|x86.Build.0 = Debug|x86
		{BACD12CA-C093-440C-8D1F-6BA7592F8130}.Release|x86.ActiveCfg = Release|x86
		{BACD12CA-C093-440C-8D1F-6BA7592F8130}.Release|x86.Build.0 = Release|x86
		{DF94E838-A853-448F-AC2E-2A842732C5A6}.Debug|x86.ActiveCfg = Debug|x86
		{DF94E838-A853-448F-AC2E-2A842732C5A6}.Debug|x86.Build.0 = Debug|x86
		{DF94E838-A853-448F-AC2E-2A842732C5A6}.Release|x86.ActiveCfg = Release|x86
		{DF94E838-A853-448F-AC2E-2A842732C5A6}.Release|x86.Build.0 = Release|x86
		{A497F454-480C-4FC3-B54B-E2A5729196CE}.Debug|x86.ActiveCfg = Debug|x86
		{A497F454-480C-4FC3-B54B-E2A5729196CE}.Debug|x86.Build.0 = Debug|x86
		{A497F454-480C-4FC3-B54B-E2A5729196CE}.Release|x86.ActiveCfg = Release|x86
		{A497F454-480C-4FC3-B54B-E2A5729196CE}.Release|x86.Build.0 = Release|x86
		{D78534F2-5649-4B50-9F65-97DFDE625DC0}.Debug|x86.ActiveCfg = Debug|x86
		{D78534F2-5649-4B50-9F65-97DFDE625DC0}.Debug|x86.Build.0 = Debug|x86
		{D78534F2-5649-4B50-9F65-97DFDE625DC0}.Release|x86.ActiveCfg = Release|x86
		{D78534F2-5649-4B50-9F65-97DFDE625DC0}.Release|x86.Build.0 = Release|x86
		{C04671AE-359F-4589-87E9-25F5564BABDE}.Debug|x86.ActiveCfg = Debug|x86
		{C04671AE-359F-4589-87E9-25F5564BABDE}.Debug|x86.Build.0 = Debug|x86
		{C04671AE-359F-4589-87E9-25F5564BABDE}.Release|x86.ActiveCfg = Release|x86
		{C04671AE-359F-4589-87E9-25F5564BABDE}.Release|x86.Build.0 = Release|x86
		{345D5950-0186-41B5-B67D-4E706EC4AE59}.Debug|x86.ActiveCfg = Debug|x86
		{345D5950-0186-41B5-B67D-4E706EC4AE59}.Debug|x86.Build.0 = Debug|x86
		{345D5950-0186-41B5-B67D-4E706EC4AE59}.Release|x86.ActiveCfg = Release|x86
		{345D5950-0186-41B5-B67D-4E706EC4AE59}.Release|x86.Build.0 = Release|x86
		{4FB6E984-2172-47F7-95E9-5C442407EB96}.Debug|x86.ActiveCfg = Debug|x86
		{4FB6E984-2172-47F7-95E9-5C442407EB96}.Debug|x86.Build.0 = Debug|x86
		{4FB6E984-2172-47F7-95E9-5C442407EB96}.Release|x86.ActiveCfg = Release|x86
		{4FB6E984-2172-47F7-95E9-5C442407EB96}.Release|x86.Build.0 = Release|x86
		{5EBC0939-7158-4E94-ABEC-A17FEB71E682}.Debug|x86.ActiveCfg = Debug|x86
		{5EBC0939-7158-4E94-ABEC-A17FEB71E682}.Debug|x86.Build.0 = Debug|x86
		{5EBC0939-7158-4E94-ABEC-A17FEB71E682}.Release|x86.ActiveCfg = Release|x86
		{5EBC0939-7158-4E94-ABEC-A17FEB71E682}.Release|x86.Build.0 = Release|x86
		{A5C455B0-A92B-4729-8CBF-758573FBBBDA}.Debug|x86.ActiveCfg = Debug|Any CPU
		{A5C455B0-A92B-4729-8CBF-758573FBBBDA}.Debug|x86.Build.0 = Debug|Any CPU
		{A5C455B0-A92B-4729-8CBF-758573FBBBDA}.Release|x86.ActiveCfg = Release|Any CPU
		{A5C455B0-A92B-4729-8CBF-758573FBBBDA}.Release|x86.Build.0 = Release|Any CPU
	EndGlobalSection
EndGlobal
