
Microsoft Visual Studio Solution File, Format Version 12.00
# Visual Studio 2012
Project("{FAE04EC0-301F-11D3-BF4B-00C04F79EFBC}") = "01.Action_Point", "01.Action_Point\01.Action_Point.csproj", "{09071403-A86B-4DB7-93AE-EC98E7D39B36}"
EndProject
Project("{FAE04EC0-301F-11D3-BF4B-00C04F79EFBC}") = "02.Knights_of_Honor", "02.Knights_of_Honor\02.Knights_of_Honor.csproj", "{566ABE73-D343-455C-A768-6D76916E4DB5}"
EndProject
Project("{FAE04EC0-301F-11D3-BF4B-00C04F79EFBC}") = "03.Custom_Min_Function", "03.Custom_Min_Function\03.Custom_Min_Function.csproj", "{DEAD10A7-90C7-40AC-8E1F-037059AAA79C}"
EndProject
Project("{FAE04EC0-301F-11D3-BF4B-00C04F79EFBC}") = "04.Find_Evens_or_Odds", "04.Find_Evens_or_Odds\04.Find_Evens_or_Odds.csproj", "{9AAEB691-EA57-4E85-A8D4-67A062830D05}"
EndProject
Project("{FAE04EC0-301F-11D3-BF4B-00C04F79EFBC}") = "05.Applied_Arithmetics", "05.Applied_Arithmetics\05.Applied_Arithmetics.csproj", "{5803F8FE-6268-4FE9-8305-24743D071A0B}"
EndProject
Project("{FAE04EC0-301F-11D3-BF4B-00C04F79EFBC}") = "07.Predicat_for_Names", "07.Predicat_for_Names\07.Predicat_for_Names.csproj", "{710F802B-BC75-4835-8942-216FD5592E90}"
EndProject
Project("{FAE04EC0-301F-11D3-BF4B-00C04F79EFBC}") = "06.Reverse_and_Exclude", "06.Reverse_and_Exclude\06.Reverse_and_Exclude.csproj", "{03F39BCB-2BA8-4E53-878A-98A7AA42DD12}"
EndProject
Project("{FAE04EC0-301F-11D3-BF4B-00C04F79EFBC}") = "08.Custom_Comparator", "08.Custom_Comparator\08.Custom_Comparator.csproj", "{9D548669-8964-4D9B-BB3F-C9153A5618E5}"
EndProject
Project("{FAE04EC0-301F-11D3-BF4B-00C04F79EFBC}") = "09.List_of_Predicates", "09.List_of_Predicates\09.List_of_Predicates.csproj", "{ABB086B3-99AB-4088-8814-AA43A6BA4948}"
EndProject
Global
	GlobalSection(SolutionConfigurationPlatforms) = preSolution
		Debug|Any CPU = Debug|Any CPU
		Release|Any CPU = Release|Any CPU
	EndGlobalSection
	GlobalSection(ProjectConfigurationPlatforms) = postSolution
		{09071403-A86B-4DB7-93AE-EC98E7D39B36}.Debug|Any CPU.ActiveCfg = Debug|Any CPU
		{09071403-A86B-4DB7-93AE-EC98E7D39B36}.Debug|Any CPU.Build.0 = Debug|Any CPU
		{09071403-A86B-4DB7-93AE-EC98E7D39B36}.Release|Any CPU.ActiveCfg = Release|Any CPU
		{09071403-A86B-4DB7-93AE-EC98E7D39B36}.Release|Any CPU.Build.0 = Release|Any CPU
		{566ABE73-D343-455C-A768-6D76916E4DB5}.Debug|Any CPU.ActiveCfg = Debug|Any CPU
		{566ABE73-D343-455C-A768-6D76916E4DB5}.Debug|Any CPU.Build.0 = Debug|Any CPU
		{566ABE73-D343-455C-A768-6D76916E4DB5}.Release|Any CPU.ActiveCfg = Release|Any CPU
		{566ABE73-D343-455C-A768-6D76916E4DB5}.Release|Any CPU.Build.0 = Release|Any CPU
		{DEAD10A7-90C7-40AC-8E1F-037059AAA79C}.Debug|Any CPU.ActiveCfg = Debug|Any CPU
		{DEAD10A7-90C7-40AC-8E1F-037059AAA79C}.Debug|Any CPU.Build.0 = Debug|Any CPU
		{DEAD10A7-90C7-40AC-8E1F-037059AAA79C}.Release|Any CPU.ActiveCfg = Release|Any CPU
		{DEAD10A7-90C7-40AC-8E1F-037059AAA79C}.Release|Any CPU.Build.0 = Release|Any CPU
		{9AAEB691-EA57-4E85-A8D4-67A062830D05}.Debug|Any CPU.ActiveCfg = Debug|Any CPU
		{9AAEB691-EA57-4E85-A8D4-67A062830D05}.Debug|Any CPU.Build.0 = Debug|Any CPU
		{9AAEB691-EA57-4E85-A8D4-67A062830D05}.Release|Any CPU.ActiveCfg = Release|Any CPU
		{9AAEB691-EA57-4E85-A8D4-67A062830D05}.Release|Any CPU.Build.0 = Release|Any CPU
		{5803F8FE-6268-4FE9-8305-24743D071A0B}.Debug|Any CPU.ActiveCfg = Debug|Any CPU
		{5803F8FE-6268-4FE9-8305-24743D071A0B}.Debug|Any CPU.Build.0 = Debug|Any CPU
		{5803F8FE-6268-4FE9-8305-24743D071A0B}.Release|Any CPU.ActiveCfg = Release|Any CPU
		{5803F8FE-6268-4FE9-8305-24743D071A0B}.Release|Any CPU.Build.0 = Release|Any CPU
		{710F802B-BC75-4835-8942-216FD5592E90}.Debug|Any CPU.ActiveCfg = Debug|Any CPU
		{710F802B-BC75-4835-8942-216FD5592E90}.Debug|Any CPU.Build.0 = Debug|Any CPU
		{710F802B-BC75-4835-8942-216FD5592E90}.Release|Any CPU.ActiveCfg = Release|Any CPU
		{710F802B-BC75-4835-8942-216FD5592E90}.Release|Any CPU.Build.0 = Release|Any CPU
		{03F39BCB-2BA8-4E53-878A-98A7AA42DD12}.Debug|Any CPU.ActiveCfg = Debug|Any CPU
		{03F39BCB-2BA8-4E53-878A-98A7AA42DD12}.Debug|Any CPU.Build.0 = Debug|Any CPU
		{03F39BCB-2BA8-4E53-878A-98A7AA42DD12}.Release|Any CPU.ActiveCfg = Release|Any CPU
		{03F39BCB-2BA8-4E53-878A-98A7AA42DD12}.Release|Any CPU.Build.0 = Release|Any CPU
		{9D548669-8964-4D9B-BB3F-C9153A5618E5}.Debug|Any CPU.ActiveCfg = Debug|Any CPU
		{9D548669-8964-4D9B-BB3F-C9153A5618E5}.Debug|Any CPU.Build.0 = Debug|Any CPU
		{9D548669-8964-4D9B-BB3F-C9153A5618E5}.Release|Any CPU.ActiveCfg = Release|Any CPU
		{9D548669-8964-4D9B-BB3F-C9153A5618E5}.Release|Any CPU.Build.0 = Release|Any CPU
		{ABB086B3-99AB-4088-8814-AA43A6BA4948}.Debug|Any CPU.ActiveCfg = Debug|Any CPU
		{ABB086B3-99AB-4088-8814-AA43A6BA4948}.Debug|Any CPU.Build.0 = Debug|Any CPU
		{ABB086B3-99AB-4088-8814-AA43A6BA4948}.Release|Any CPU.ActiveCfg = Release|Any CPU
		{ABB086B3-99AB-4088-8814-AA43A6BA4948}.Release|Any CPU.Build.0 = Release|Any CPU
	EndGlobalSection
EndGlobal
